DEPENDENCIES
  ad-simplyadrian
    git: git@github.com:simplyadrian/cookbook-ad-simplyadrian.git
    revision: d8f3b67fe6050eca1b15ae579a49c73266638eba
    ref: e1e8e0d
  auto-patch (= 0.1.9)
  autofs-simplyadrian
    git: git@github.com:simplyadrian/cookbook-autofs-simplyadrian.git
    revision: 6c7f45c531a83d104ca6844adccb8341f4884401
    ref: a6346b5
  autopatch-simplyadrian
    git: git@github.com:simplyadrian/cookbook-autopatch-simplyadrian.git
    revision: 70ee3c04751e8b2500389e1cd40ec484b89d4b6f
    ref: 0f78b57
  chef-client (= 4.2.4)
  chef-sugar (= 2.5.0)
  chef_handler (= 1.1.6)
  cron (= 1.6.1)
  logrotate (= 1.9.1)
  ohai-simplyadrian
    git: git@github.com:simplyadrian/cookbook-ohai-simplyadrian.git
    revision: d57a81bbd0d84aafbe4a083ea01069b36e631775
  role-cdccass1-onprem-simplyadrian
    path: .
    metadata: true
  role-onpremise-base-simplyadrian
    path: ../role-onpremise-base-simplyadrian

GRAPH
  ad-simplyadrian (3.0.2)
    chef-sugar (>= 0.0.0)
    ohai-simplyadrian (>= 0.0.0)
    windows (>= 0.0.0)
  auto-patch (0.1.9)
    cron (>= 0.0.0)
  autofs-simplyadrian (1.0.0)
    chef-sugar (>= 0.0.0)
    ohai-simplyadrian (>= 0.0.0)
  autopatch-simplyadrian (1.1.0)
    auto-patch (>= 0.0.0)
    logrotate (>= 0.0.0)
    windows (>= 0.0.0)
  chef-client (4.2.4)
    cron (>= 1.2.0)
    logrotate (>= 1.2.0)
    windows (~> 1.11)
  chef-sugar (2.5.0)
  chef_handler (1.1.6)
  cron (1.6.1)
  logrotate (1.9.1)
  ntp (1.8.2)
  ohai (2.0.1)
  ohai-simplyadrian (0.1.1)
    ohai (>= 0.0.0)
  role-cdccass1-onprem-simplyadrian (0.1.0)
    role-onpremise-base-simplyadrian (>= 0.0.0)
  role-onpremise-base-simplyadrian (1.0.0)
    ad-simplyadrian (>= 0.0.0)
    autofs-simplyadrian (>= 0.0.0)
    autopatch-simplyadrian (>= 0.0.0)
    chef-client (>= 0.0.0)
    chef-sugar (>= 0.0.0)
    ntp (>= 0.0.0)
    sshd (>= 0.0.0)
    sudo (>= 0.0.0)
  sshd (1.1.1)
  sudo (2.7.1)
  windows (1.36.6)
    chef_handler (>= 0.0.0)
