DEPENDENCIES
  ad-nativex
    git: git@github.com:nativex/cookbook-ad-nativex.git
    revision: 9a659d0a3f976aba4104837b2d2c1ce59b73c176
    ref: 9a659d0
  auto-patch (= 0.1.9)
  autofs-nativex
    git: git@github.com:nativex/cookbook-autofs-nativex.git
    revision: 0b4af5d18d2fb0feb5338cfe3cb83a6fa8abe47d
    ref: 0b4af5d
  autopatch-nativex
    git: git@github.com:nativex/cookbook-autopatch-nativex.git
    revision: 0f78b57da9839d9bb792a3ab71233658e8b4549d
    ref: 0f78b57
  aws
    git: git://github.com/nativex/aws.git
    revision: 476fb71977511b7370d213940be7e76a410cc8ba
  bash-completion (= 0.1.0)
  build-essential (= 2.1.3)
  chef-client (= 3.8.0)
  chef-sugar (= 2.5.0)
  chef_handler (= 1.1.6)
  cron (= 1.6.1)
  dse-nativex
    git: git@github.com:nativex/cookbook-dse-nativex.git
    revision: e062d622b8ca209195d67f87685352794a716d44
    ref: e062d62
  dstat (= 0.1.1)
  ephemeral_lvm (= 1.0.7)
  ephemeral_lvm-nativex
    git: git@github.com:nativex/cookbook-ephemeral_lvm-nativex.git
    revision: 1366be42e2dd8bfd79ef49eb9c111ece270401b9
  hostname-nativex
    git: git@github.com:nativex/cookbook-hostname-nativex.git
    revision: 92c4ebd4ebcd123133bda7f30a9b1236d226ab47
    ref: 92c4ebd
  hostsfile (= 2.4.5)
  java (= 1.24.0)
  limits (= 0.2.0)
  line
    git: git://github.com/someara/line-cookbook.git
    revision: 82523b523ab04cdbc5e6b27521c874346155cf80
    ref: 82523b5
  logrotate (= 1.8.0)
  lvm (= 1.1.2)
  motd (= 0.5.0)
  nano (= 1.0.0)
  nfs (= 2.0.0)
  ntp (= 1.6.4)
  numad-nativex
    git: git@github.com:nativex/cookbook-numad-nativex.git
    revision: 90339780f273b1e8f2d8b99d4d71280a35b3bc7c
  ohai (= 2.0.1)
  ohai-nativex
    git: git@github.com:nativex/cookbook-ohai-nativex.git
    revision: d57a81bbd0d84aafbe4a083ea01069b36e631775
  role-base-nativex
    path: ../role-base-nativex
  role-dse-devcass1-aws-nativex
    path: .
    metadata: true
  role-dse-nativex
    path: ../role-dse-nativex
  snmp (= 3.0.1)
  spacewalk-nativex
    git: git@github.com:nativex/cookbook-spacewalk-nativex.git
    revision: bd9999636674eb40f8652d6d0f762cf2a6a2304e
    ref: bd99996
  sshd (~> 1.1.1)
  sudo (~> 2.7.1)
  tuned-nativex
    git: git@github.com:nativex/cookbook-tuned-nativex.git
    revision: f787ae47052cd01293f068cef599949ee00ac073
  vim (= 1.1.2)
  windows (= 1.34.6)
  xfs (= 1.1.0)
  yum (~> 3.0)
  yum-epel (= 0.4.0)
  yum-nativex
    git: git@github.com:nativex/cookbook-yum-nativex.git
    revision: 5e87cd98a54d13f9b130e0d709367fc8dc4d0ad1
    ref: 5e87cd9

GRAPH
  ad-nativex (2.1.1)
    ohai-nativex (>= 0.0.0)
    windows (>= 0.0.0)
  auto-patch (0.1.9)
    cron (>= 0.0.0)
  autofs-nativex (0.1.0)
    ohai-nativex (>= 0.0.0)
  autopatch-nativex (1.1.0)
    auto-patch (>= 0.0.0)
    logrotate (>= 0.0.0)
    windows (>= 0.0.0)
  aws (2.6.0)
  bash-completion (0.1.0)
  build-essential (2.1.3)
  chef-client (3.8.0)
    cron (>= 1.2.0)
    logrotate (>= 1.2.0)
    windows (~> 1.11)
  chef-sugar (2.5.0)
  chef_handler (1.1.6)
  cron (1.6.1)
  dse-nativex (0.3.0)
    java (>= 0.0.0)
    limits (>= 0.0.0)
    line (>= 0.0.0)
    ohai-nativex (>= 0.0.0)
    yum (>= 0.0.0)
  dstat (0.1.1)
  ephemeral_lvm (1.0.7)
    lvm (~> 1.1.0)
  ephemeral_lvm-nativex (0.1.0)
    ephemeral_lvm (>= 0.0.0)
    xfs (>= 0.0.0)
  hostname-nativex (0.1.2)
    hostsfile (>= 0.0.0)
  hostsfile (2.4.5)
  java (1.24.0)
  limits (0.2.0)
  line (0.5.1)
  logrotate (1.8.0)
  lvm (1.1.2)
  motd (0.5.0)
    chef_handler (>= 0.0.0)
  nano (1.0.0)
  nfs (2.0.0)
    line (>= 0.0.0)
  ntp (1.6.4)
  numad-nativex (0.1.0)
  ohai (2.0.1)
  ohai-nativex (0.1.1)
    ohai (>= 0.0.0)
  role-base-nativex (1.3.0)
    ad-nativex (>= 0.0.0)
    auto-patch (>= 0.0.0)
    autofs-nativex (>= 0.0.0)
    autopatch-nativex (>= 0.0.0)
    aws (>= 0.0.0)
    bash-completion (>= 0.0.0)
    chef-client (>= 0.0.0)
    chef-sugar (>= 0.0.0)
    dstat (>= 0.0.0)
    ephemeral_lvm-nativex (>= 0.0.0)
    hostname-nativex (>= 0.0.0)
    motd (>= 0.0.0)
    nano (>= 0.0.0)
    nfs (>= 0.0.0)
    ntp (>= 0.0.0)
    numad-nativex (>= 0.0.0)
    ohai-nativex (>= 0.0.0)
    snmp (>= 0.0.0)
    spacewalk-nativex (>= 0.0.0)
    sshd (>= 0.0.0)
    sudo (>= 0.0.0)
    tuned-nativex (>= 0.0.0)
    vim (>= 0.0.0)
    yum-epel (>= 0.0.0)
    yum-nativex (>= 0.0.0)
  role-dse-devcass1-aws-nativex (1.1.1)
    role-dse-nativex (>= 0.0.0)
  role-dse-nativex (1.2.1)
    dse-nativex (>= 0.0.0)
    role-base-nativex (>= 0.0.0)
    tuned-nativex (>= 0.0.0)
  snmp (3.0.1)
  spacewalk-nativex (0.3.0)
    cron (>= 0.0.0)
  sshd (1.1.1)
  sudo (2.7.1)
  tuned-nativex (0.1.0)
  vim (1.1.2)
  windows (1.34.6)
    chef_handler (>= 0.0.0)
  xfs (1.1.0)
  yum (3.5.4)
  yum-epel (0.4.0)
    yum (~> 3.0)
  yum-nativex (0.4.0)
    yum (>= 0.0.0)
