DEPENDENCIES
  chef-client (= 3.8.0)
  chef_handler (= 1.1.6)
  cron (= 1.6.1)
  motd (= 0.5.0)
  role-spacewalk-server-nativex
    path: .
    metadata: true
  spacewalk-nativex
    git: git@github.com:nativex/cookbook-spacewalk-nativex.git
    revision: a94920c2949d6bda5641728d40f2e6eee1bae29b
    ref: a94920c
  windows (= 1.34.6)

GRAPH
  chef-client (3.8.0)
    cron (>= 1.2.0)
    logrotate (>= 1.2.0)
    windows (~> 1.11)
  chef_handler (1.1.6)
  cron (1.6.1)
  logrotate (1.9.0)
  motd (0.5.0)
    chef_handler (>= 0.0.0)
  role-spacewalk-server-nativex (0.1.0)
    chef-client (>= 0.0.0)
    motd (>= 0.0.0)
    spacewalk-nativex (>= 0.0.0)
  spacewalk-nativex (0.5.0)
    cron (>= 0.0.0)
  windows (1.34.6)
    chef_handler (>= 0.0.0)
