DEPENDENCIES
  ad-nativex
    git: git@github.com:nativex/cookbook-ad-nativex.git
    revision: eadf7f8cb893715b486aa27cb258088f42866ab5
    ref: eadf7f8
  auto-patch (= 0.1.9)
  autofs-nativex
    git: git@github.com:nativex/cookbook-autofs-nativex.git
    revision: a6346b5c63e7b6c8e5b71e7f83ba7487a09e0a87
    ref: a6346b5
  autopatch-nativex
    git: git@github.com:nativex/cookbook-autopatch-nativex.git
    revision: 0f78b57da9839d9bb792a3ab71233658e8b4549d
    ref: 0f78b57
  chef-client (= 4.2.4)
  chef-sugar (= 2.5.0)
  chef_handler (= 1.1.6)
  cron (= 1.6.1)
  logrotate (= 1.9.1)
  ohai-nativex
    git: git@github.com:nativex/cookbook-ohai-nativex.git
    revision: d57a81bbd0d84aafbe4a083ea01069b36e631775
  role-onpremise-base-nativex
    path: .
    metadata: true
  sshd (~> 1.1.1)
  sudo (~> 2.7.1)

GRAPH
  ad-nativex (3.0.1)
    chef-sugar (>= 0.0.0)
    ohai-nativex (>= 0.0.0)
    windows (>= 0.0.0)
  auto-patch (0.1.9)
    cron (>= 0.0.0)
  autofs-nativex (1.0.0)
    chef-sugar (>= 0.0.0)
    ohai-nativex (>= 0.0.0)
  autopatch-nativex (1.1.0)
    auto-patch (>= 0.0.0)
    logrotate (>= 0.0.0)
    windows (>= 0.0.0)
  chef-client (4.2.4)
    cron (>= 1.2.0)
    logrotate (>= 1.2.0)
    windows (~> 1.11)
  chef-sugar (2.5.0)
  chef_handler (1.1.6)
  cron (1.6.1)
  logrotate (1.9.1)
  ohai (2.0.1)
  ohai-nativex (0.1.1)
    ohai (>= 0.0.0)
  role-onpremise-base-nativex (1.0.0)
    ad-nativex (>= 0.0.0)
    autofs-nativex (>= 0.0.0)
    autopatch-nativex (>= 0.0.0)
    chef-client (>= 0.0.0)
    chef-sugar (>= 0.0.0)
    sshd (>= 0.0.0)
    sudo (>= 0.0.0)
  sshd (1.1.1)
  sudo (2.7.1)
  windows (1.36.6)
    chef_handler (>= 0.0.0)
