DEPENDENCIES
  ad-nativex
    git: git@github.com:nativex/cookbook-ad-nativex.git
    revision: 4d2d0b71cac6cc2ff2cc6b96ada2edf603407079
    ref: 4d2d0b7
  aws
    git: git://github.com/nativex/aws.git
    revision: 476fb71977511b7370d213940be7e76a410cc8ba
  build-essential (= 2.1.3)
  chef-client (= 3.8.0)
  chef_handler (= 1.1.6)
  cron (= 1.6.1)
  dnsupdate-nativex
    git: git@github.com:nativex/cookbook-dnsupdate-nativex.git
    revision: 8b543b87159881e114484937b16721c4baf4ac8f
  logrotate (= 1.8.0)
  ohai (= 2.0.1)
  ohai-nativex
    git: git@github.com:nativex/cookbook-ohai-nativex.git
    revision: d57a81bbd0d84aafbe4a083ea01069b36e631775
  role-domain-controller-nativex
    path: .
    metadata: true
  route53 (= 0.3.8)
  windows (= 1.34.6)

GRAPH
  ad-nativex (1.0.1)
    ohai-nativex (>= 0.0.0)
    windows (>= 0.0.0)
  aws (2.6.0)
  build-essential (2.1.3)
  chef-client (3.8.0)
    cron (>= 1.2.0)
    logrotate (>= 1.2.0)
    windows (~> 1.11)
  chef_handler (1.1.6)
  cron (1.6.1)
  dnsupdate-nativex (1.1.0)
    route53 (>= 0.0.0)
  logrotate (1.8.0)
  ohai (2.0.1)
  ohai-nativex (0.1.1)
    ohai (>= 0.0.0)
  role-domain-controller-nativex (0.1.0)
    ad-nativex (>= 0.0.0)
    aws (>= 0.0.0)
    chef-client (>= 0.0.0)
    dnsupdate-nativex (>= 0.0.0)
    windows (>= 0.0.0)
  route53 (0.3.8)
    build-essential (>= 0.0.0)
  windows (1.34.6)
    chef_handler (>= 0.0.0)
