DEPENDENCIES
  auto-patch (= 0.1.9)
  autopatch-simplyadrian
    git: git@github.com:simplyadrian/cookbook-autopatch-simplyadrian.git
    revision: 70ee3c04751e8b2500389e1cd40ec484b89d4b6f
    ref: 70ee3c0
  chef-client (= 3.8.0)
  chef_handler (= 1.1.6)
  cron (= 1.6.1)
  motd (= 0.5.0)
  role-spacewalk-server-simplyadrian
    path: .
    metadata: true
  spacewalk-simplyadrian
    git: git@github.com:simplyadrian/cookbook-spacewalk-simplyadrian.git
    revision: 4449f9d2ba6238b389f5ee21fa185595c8bcac64
  windows (= 1.34.6)

GRAPH
  auto-patch (0.1.9)
    cron (>= 0.0.0)
  autopatch-simplyadrian (1.1.0)
    auto-patch (>= 0.0.0)
    logrotate (>= 0.0.0)
    windows (>= 0.0.0)
  chef-client (3.8.0)
    cron (>= 1.2.0)
    logrotate (>= 1.2.0)
    windows (~> 1.11)
  chef_handler (1.1.6)
  cron (1.6.1)
  logrotate (1.9.1)
  motd (0.5.0)
    chef_handler (>= 0.0.0)
  role-spacewalk-server-simplyadrian (0.2.0)
    autopatch-simplyadrian (>= 0.0.0)
    chef-client (>= 0.0.0)
    motd (>= 0.0.0)
    spacewalk-simplyadrian (>= 0.0.0)
  spacewalk-simplyadrian (0.5.1)
    cron (>= 0.0.0)
  windows (1.34.6)
    chef_handler (>= 0.0.0)
